
Microsoft Visual Studio Solution File, Format Version 12.00
# Visual Studio Version 17
VisualStudioVersion = 17.0.31912.275
MinimumVisualStudioVersion = 10.0.40219.1
Project("{9A19103F-16F7-4668-BE54-9A1E7A4F7556}") = "SecretSanta", "SecretSanta\SecretSanta.csproj", "{40A6C036-509A-491B-AEBD-041E6B4CE611}"
EndProject
Project("{2150E333-8FDC-42A3-9474-1A3956D46DE8}") = "Solution Files", "Solution Files", "{F5DE79C7-8805-4DCC-B820-C947AA712B32}"
	ProjectSection(SolutionItems) = preProject
		.editorconfig = .editorconfig
		.gitignore = .gitignore
		.github\workflows\dotnet.yml = .github\workflows\dotnet.yml
	EndProjectSection
EndProject
Global
	GlobalSection(SolutionConfigurationPlatforms) = preSolution
		Debug|Any CPU = Debug|Any CPU
		Release|Any CPU = Release|Any CPU
	EndGlobalSection
	GlobalSection(ProjectConfigurationPlatforms) = postSolution
		{40A6C036-509A-491B-AEBD-041E6B4CE611}.Debug|Any CPU.ActiveCfg = Debug|Any CPU
		{40A6C036-509A-491B-AEBD-041E6B4CE611}.Debug|Any CPU.Build.0 = Debug|Any CPU
		{40A6C036-509A-491B-AEBD-041E6B4CE611}.Release|Any CPU.ActiveCfg = Release|Any CPU
		{40A6C036-509A-491B-AEBD-041E6B4CE611}.Release|Any CPU.Build.0 = Release|Any CPU
	EndGlobalSection
	GlobalSection(SolutionProperties) = preSolution
		HideSolutionNode = FALSE
	EndGlobalSection
	GlobalSection(ExtensibilityGlobals) = postSolution
		SolutionGuid = {09A70FDE-CCC3-4C5E-BA22-56416E9E8EE0}
	EndGlobalSection
EndGlobal
