
Microsoft Visual Studio Solution File, Format Version 12.00
Project("{FAE04EC0-301F-11D3-BF4B-00C04F79EFBC}") = "SecretSanta", "SecretSanta\SecretSanta.csproj", "{40A6C036-509A-491B-AEBD-041E6B4CE611}"
EndProject
Project("{2150E333-8FDC-42A3-9474-1A3956D46DE8}") = "Solution Files", "Solution Files", "{F5DE79C7-8805-4DCC-B820-C947AA712B32}"
ProjectSection(SolutionItems) = preProject
	.gitignore = .gitignore
EndProjectSection
EndProject
Global
	GlobalSection(SolutionConfigurationPlatforms) = preSolution
		Debug|Any CPU = Debug|Any CPU
		Release|Any CPU = Release|Any CPU
	EndGlobalSection
	GlobalSection(ProjectConfigurationPlatforms) = postSolution
		{40A6C036-509A-491B-AEBD-041E6B4CE611}.Debug|Any CPU.ActiveCfg = Debug|Any CPU
		{40A6C036-509A-491B-AEBD-041E6B4CE611}.Debug|Any CPU.Build.0 = Debug|Any CPU
		{40A6C036-509A-491B-AEBD-041E6B4CE611}.Release|Any CPU.ActiveCfg = Release|Any CPU
		{40A6C036-509A-491B-AEBD-041E6B4CE611}.Release|Any CPU.Build.0 = Release|Any CPU
	EndGlobalSection
EndGlobal
